
Microsoft Visual Studio Solution File, Format Version 12.00
# Visual Studio Version 17
VisualStudioVersion = 17.5.002.0
MinimumVisualStudioVersion = 10.0.40219.1
Project("{9A19103F-16F7-4668-BE54-9A1E7A4F7556}") = "FinanceControl", "FinanceControl.csproj", "{3A15AFF9-0541-46D8-8F38-E55558DE88E6}"
EndProject
Project("{9A19103F-16F7-4668-BE54-9A1E7A4F7556}") = "FinancialControl.UnitTests", "..\tests\FinancialControl.UnitTests\FinancialControl.UnitTests.csproj", "{F54BD897-7108-4C4E-8C35-7ED96001C408}"
EndProject
Project("{FAE04EC0-301F-11D3-BF4B-00C04F79EFBC}") = "FinanceControl.IntegrationTests", "..\tests\FinanceControl.IntegrationTests\FinanceControl.IntegrationTests.csproj", "{744DE152-45ED-43FE-BEF6-9A1F72B40DF1}"
EndProject
Global
	GlobalSection(SolutionConfigurationPlatforms) = preSolution
		Debug|Any CPU = Debug|Any CPU
		Release|Any CPU = Release|Any CPU
	EndGlobalSection
	GlobalSection(ProjectConfigurationPlatforms) = postSolution
		{3A15AFF9-0541-46D8-8F38-E55558DE88E6}.Debug|Any CPU.ActiveCfg = Debug|Any CPU
		{3A15AFF9-0541-46D8-8F38-E55558DE88E6}.Debug|Any CPU.Build.0 = Debug|Any CPU
		{3A15AFF9-0541-46D8-8F38-E55558DE88E6}.Release|Any CPU.ActiveCfg = Release|Any CPU
		{3A15AFF9-0541-46D8-8F38-E55558DE88E6}.Release|Any CPU.Build.0 = Release|Any CPU
		{F54BD897-7108-4C4E-8C35-7ED96001C408}.Debug|Any CPU.ActiveCfg = Debug|Any CPU
		{F54BD897-7108-4C4E-8C35-7ED96001C408}.Debug|Any CPU.Build.0 = Debug|Any CPU
		{F54BD897-7108-4C4E-8C35-7ED96001C408}.Release|Any CPU.ActiveCfg = Release|Any CPU
		{F54BD897-7108-4C4E-8C35-7ED96001C408}.Release|Any CPU.Build.0 = Release|Any CPU
		{744DE152-45ED-43FE-BEF6-9A1F72B40DF1}.Debug|Any CPU.ActiveCfg = Debug|Any CPU
		{744DE152-45ED-43FE-BEF6-9A1F72B40DF1}.Debug|Any CPU.Build.0 = Debug|Any CPU
		{744DE152-45ED-43FE-BEF6-9A1F72B40DF1}.Release|Any CPU.ActiveCfg = Release|Any CPU
		{744DE152-45ED-43FE-BEF6-9A1F72B40DF1}.Release|Any CPU.Build.0 = Release|Any CPU
	EndGlobalSection
	GlobalSection(SolutionProperties) = preSolution
		HideSolutionNode = FALSE
	EndGlobalSection
	GlobalSection(ExtensibilityGlobals) = postSolution
		SolutionGuid = {DA7A0F6F-27CC-48F7-A98B-6A67FFE5FBC6}
	EndGlobalSection
EndGlobal
